
Microsoft Visual Studio Solution File, Format Version 12.00
# Visual Studio Version 17
VisualStudioVersion = 17.12.35527.113
MinimumVisualStudioVersion = 10.0.40219.1
Project("{FAE04EC0-301F-11D3-BF4B-00C04F79EFBC}") = "APIHotelManagement", "APIHotelManagement\APIHotelManagement.csproj", "{4A8D4C0D-1D4F-4B14-AFBD-67F94596FDEC}"
EndProject
Project("{FAE04EC0-301F-11D3-BF4B-00C04F79EFBC}") = "JWTMicroservice", "..\..\..\Downloads\JWTMicroservice\JWTMicroservice\JWTMicroservice.csproj", "{7AD9D94D-C495-4457-9FDC-765E6020AD84}"
EndProject
Project("{FAE04EC0-301F-11D3-BF4B-00C04F79EFBC}") = "ReceptionistTesting", "ReceptionistTesting\ReceptionistTesting.csproj", "{2F2C573F-B567-465F-8B77-8B4DF952E4D4}"
EndProject
Project("{FAE04EC0-301F-11D3-BF4B-00C04F79EFBC}") = "Email_notification", "Email_notification\Email_notification.csproj", "{898F8172-6355-4A84-A86B-6D102F65647C}"
EndProject
Global
	GlobalSection(SolutionConfigurationPlatforms) = preSolution
		Debug|Any CPU = Debug|Any CPU
		Release|Any CPU = Release|Any CPU
	EndGlobalSection
	GlobalSection(ProjectConfigurationPlatforms) = postSolution
		{4A8D4C0D-1D4F-4B14-AFBD-67F94596FDEC}.Debug|Any CPU.ActiveCfg = Debug|Any CPU
		{4A8D4C0D-1D4F-4B14-AFBD-67F94596FDEC}.Debug|Any CPU.Build.0 = Debug|Any CPU
		{4A8D4C0D-1D4F-4B14-AFBD-67F94596FDEC}.Release|Any CPU.ActiveCfg = Release|Any CPU
		{4A8D4C0D-1D4F-4B14-AFBD-67F94596FDEC}.Release|Any CPU.Build.0 = Release|Any CPU
		{7AD9D94D-C495-4457-9FDC-765E6020AD84}.Debug|Any CPU.ActiveCfg = Debug|Any CPU
		{7AD9D94D-C495-4457-9FDC-765E6020AD84}.Debug|Any CPU.Build.0 = Debug|Any CPU
		{7AD9D94D-C495-4457-9FDC-765E6020AD84}.Release|Any CPU.ActiveCfg = Release|Any CPU
		{7AD9D94D-C495-4457-9FDC-765E6020AD84}.Release|Any CPU.Build.0 = Release|Any CPU
		{2F2C573F-B567-465F-8B77-8B4DF952E4D4}.Debug|Any CPU.ActiveCfg = Debug|Any CPU
		{2F2C573F-B567-465F-8B77-8B4DF952E4D4}.Debug|Any CPU.Build.0 = Debug|Any CPU
		{2F2C573F-B567-465F-8B77-8B4DF952E4D4}.Release|Any CPU.ActiveCfg = Release|Any CPU
		{2F2C573F-B567-465F-8B77-8B4DF952E4D4}.Release|Any CPU.Build.0 = Release|Any CPU
		{898F8172-6355-4A84-A86B-6D102F65647C}.Debug|Any CPU.ActiveCfg = Debug|Any CPU
		{898F8172-6355-4A84-A86B-6D102F65647C}.Debug|Any CPU.Build.0 = Debug|Any CPU
		{898F8172-6355-4A84-A86B-6D102F65647C}.Release|Any CPU.ActiveCfg = Release|Any CPU
		{898F8172-6355-4A84-A86B-6D102F65647C}.Release|Any CPU.Build.0 = Release|Any CPU
	EndGlobalSection
	GlobalSection(SolutionProperties) = preSolution
		HideSolutionNode = FALSE
	EndGlobalSection
EndGlobal
